
Microsoft Visual Studio Solution File, Format Version 12.00
# Visual Studio Version 16
VisualStudioVersion = 16.0.31624.102
MinimumVisualStudioVersion = 10.0.40219.1
Project("{F184B08F-C81C-45F6-A57F-5ABD9991F28F}") = "ejemplo2", "ejemplo2\ejemplo2.vbproj", "{BDE81432-E40C-4597-9521-991C2239B176}"
EndProject
Global
	GlobalSection(SolutionConfigurationPlatforms) = preSolution
		Debug|Any CPU = Debug|Any CPU
		Release|Any CPU = Release|Any CPU
	EndGlobalSection
	GlobalSection(ProjectConfigurationPlatforms) = postSolution
		{BDE81432-E40C-4597-9521-991C2239B176}.Debug|Any CPU.ActiveCfg = Debug|Any CPU
		{BDE81432-E40C-4597-9521-991C2239B176}.Debug|Any CPU.Build.0 = Debug|Any CPU
		{BDE81432-E40C-4597-9521-991C2239B176}.Release|Any CPU.ActiveCfg = Release|Any CPU
		{BDE81432-E40C-4597-9521-991C2239B176}.Release|Any CPU.Build.0 = Release|Any CPU
	EndGlobalSection
	GlobalSection(SolutionProperties) = preSolution
		HideSolutionNode = FALSE
	EndGlobalSection
	GlobalSection(ExtensibilityGlobals) = postSolution
		SolutionGuid = {2DC5B3F7-7E5C-46C2-871D-B9D1F64FF9E5}
	EndGlobalSection
EndGlobal
